
Microsoft Visual Studio Solution File, Format Version 12.00
# Visual Studio Version 17
VisualStudioVersion = 17.1.32210.238
MinimumVisualStudioVersion = 10.0.40219.1
Project("{FAE04EC0-301F-11D3-BF4B-00C04F79EFBC}") = "Interest Calculator", "Interest Calculator.csproj", "{24F0F269-70C7-4A75-BA87-033DF115EF2B}"
EndProject
Global
	GlobalSection(SolutionConfigurationPlatforms) = preSolution
		Debug|Any CPU = Debug|Any CPU
		Release|Any CPU = Release|Any CPU
	EndGlobalSection
	GlobalSection(ProjectConfigurationPlatforms) = postSolution
		{24F0F269-70C7-4A75-BA87-033DF115EF2B}.Debug|Any CPU.ActiveCfg = Debug|Any CPU
		{24F0F269-70C7-4A75-BA87-033DF115EF2B}.Debug|Any CPU.Build.0 = Debug|Any CPU
		{24F0F269-70C7-4A75-BA87-033DF115EF2B}.Release|Any CPU.ActiveCfg = Release|Any CPU
		{24F0F269-70C7-4A75-BA87-033DF115EF2B}.Release|Any CPU.Build.0 = Release|Any CPU
	EndGlobalSection
	GlobalSection(SolutionProperties) = preSolution
		HideSolutionNode = FALSE
	EndGlobalSection
	GlobalSection(ExtensibilityGlobals) = postSolution
		SolutionGuid = {D7B1163A-4DAB-4E61-9498-D6FB1D992FBA}
	EndGlobalSection
EndGlobal
